// !$*UTF8*$!
{
	archiveVersion = 1;
	classes = {
	};
	objectVersion = 50;
	objects = {

/* Begin PBXBuildFile section */
		5F10D55822CC9B310046964E /* AppDelegate.m in Sources */ = {isa = PBXBuildFile; fileRef = 5F10D55722CC9B310046964E /* AppDelegate.m */; };
		5F10D55B22CC9B310046964E /* ViewController.m in Sources */ = {isa = PBXBuildFile; fileRef = 5F10D55A22CC9B310046964E /* ViewController.m */; };
		5F10D55E22CC9B310046964E /* Main.storyboard in Resources */ = {isa = PBXBuildFile; fileRef = 5F10D55C22CC9B310046964E /* Main.storyboard */; };
		5F10D56022CC9B340046964E /* Assets.xcassets in Resources */ = {isa = PBXBuildFile; fileRef = 5F10D55F22CC9B340046964E /* Assets.xcassets */; };
		5F10D56322CC9B340046964E /* LaunchScreen.storyboard in Resources */ = {isa = PBXBuildFile; fileRef = 5F10D56122CC9B340046964E /* LaunchScreen.storyboard */; };
		5F10D56622CC9B340046964E /* main.m in Sources */ = {isa = PBXBuildFile; fileRef = 5F10D56522CC9B340046964E /* main.m */; };
		5F10D57022CC9B340046964E /* ZSXWCDB_DemoTests.m in Sources */ = {isa = PBXBuildFile; fileRef = 5F10D56F22CC9B340046964E /* ZSXWCDB_DemoTests.m */; };
		5F10D57B22CC9B340046964E /* ZSXWCDB_DemoUITests.m in Sources */ = {isa = PBXBuildFile; fileRef = 5F10D57A22CC9B340046964E /* ZSXWCDB_DemoUITests.m */; };
/* End PBXBuildFile section */

/* Begin PBXContainerItemProxy section */
		5F10D56C22CC9B340046964E /* PBXContainerItemProxy */ = {
			isa = PBXContainerItemProxy;
			containerPortal = 5F10D54B22CC9B310046964E /* Project object */;
			proxyType = 1;
			remoteGlobalIDString = 5F10D55222CC9B310046964E;
			remoteInfo = ZSXWCDB_Demo;
		};
		5F10D57722CC9B340046964E /* PBXContainerItemProxy */ = {
			isa = PBXContainerItemProxy;
			containerPortal = 5F10D54B22CC9B310046964E /* Project object */;
			proxyType = 1;
			remoteGlobalIDString = 5F10D55222CC9B310046964E;
			remoteInfo = ZSXWCDB_Demo;
		};
/* End PBXContainerItemProxy section */

/* Begin PBXFileReference section */
		5F10D55322CC9B310046964E /* ZSXWCDB_Demo.app */ = {isa = PBXFileReference; explicitFileType = wrapper.application; includeInIndex = 0; path = ZSXWCDB_Demo.app; sourceTree = BUILT_PRODUCTS_DIR; };
		5F10D55622CC9B310046964E /* AppDelegate.h */ = {isa = PBXFileReference; lastKnownFileType = sourcecode.c.h; path = AppDelegate.h; sourceTree = "<group>"; };
		5F10D55722CC9B310046964E /* AppDelegate.m */ = {isa = PBXFileReference; lastKnownFileType = sourcecode.c.objc; path = AppDelegate.m; sourceTree = "<group>"; };
		5F10D55922CC9B310046964E /* ViewController.h */ = {isa = PBXFileReference; lastKnownFileType = sourcecode.c.h; path = ViewController.h; sourceTree = "<group>"; };
		5F10D55A22CC9B310046964E /* ViewController.m */ = {isa = PBXFileReference; lastKnownFileType = sourcecode.c.objc; path = ViewController.m; sourceTree = "<group>"; };
		5F10D55D22CC9B310046964E /* Base */ = {isa = PBXFileReference; lastKnownFileType = file.storyboard; name = Base; path = Base.lproj/Main.storyboard; sourceTree = "<group>"; };
		5F10D55F22CC9B340046964E /* Assets.xcassets */ = {isa = PBXFileReference; lastKnownFileType = folder.assetcatalog; path = Assets.xcassets; sourceTree = "<group>"; };
		5F10D56222CC9B340046964E /* Base */ = {isa = PBXFileReference; lastKnownFileType = file.storyboard; name = Base; path = Base.lproj/LaunchScreen.storyboard; sourceTree = "<group>"; };
		5F10D56422CC9B340046964E /* Info.plist */ = {isa = PBXFileReference; lastKnownFileType = text.plist.xml; path = Info.plist; sourceTree = "<group>"; };
		5F10D56522CC9B340046964E /* main.m */ = {isa = PBXFileReference; lastKnownFileType = sourcecode.c.objc; path = main.m; sourceTree = "<group>"; };
		5F10D56B22CC9B340046964E /* ZSXWCDB_DemoTests.xctest */ = {isa = PBXFileReference; explicitFileType = wrapper.cfbundle; includeInIndex = 0; path = ZSXWCDB_DemoTests.xctest; sourceTree = BUILT_PRODUCTS_DIR; };
		5F10D56F22CC9B340046964E /* ZSXWCDB_DemoTests.m */ = {isa = PBXFileReference; lastKnownFileType = sourcecode.c.objc; path = ZSXWCDB_DemoTests.m; sourceTree = "<group>"; };
		5F10D57122CC9B340046964E /* Info.plist */ = {isa = PBXFileReference; lastKnownFileType = text.plist.xml; path = Info.plist; sourceTree = "<group>"; };
		5F10D57622CC9B340046964E /* ZSXWCDB_DemoUITests.xctest */ = {isa = PBXFileReference; explicitFileType = wrapper.cfbundle; includeInIndex = 0; path = ZSXWCDB_DemoUITests.xctest; sourceTree = BUILT_PRODUCTS_DIR; };
		5F10D57A22CC9B340046964E /* ZSXWCDB_DemoUITests.m */ = {isa = PBXFileReference; lastKnownFileType = sourcecode.c.objc; path = ZSXWCDB_DemoUITests.m; sourceTree = "<group>"; };
		5F10D57C22CC9B340046964E /* Info.plist */ = {isa = PBXFileReference; lastKnownFileType = text.plist.xml; path = Info.plist; sourceTree = "<group>"; };
/* End PBXFileReference section */

/* Begin PBXFrameworksBuildPhase section */
		5F10D55022CC9B310046964E /* Frameworks */ = {
			isa = PBXFrameworksBuildPhase;
			buildActionMask = 2147483647;
			files = (
			);
			runOnlyForDeploymentPostprocessing = 0;
		};
		5F10D56822CC9B340046964E /* Frameworks */ = {
			isa = PBXFrameworksBuildPhase;
			buildActionMask = 2147483647;
			files = (
			);
			runOnlyForDeploymentPostprocessing = 0;
		};
		5F10D57322CC9B340046964E /* Frameworks */ = {
			isa = PBXFrameworksBuildPhase;
			buildActionMask = 2147483647;
			files = (
			);
			runOnlyForDeploymentPostprocessing = 0;
		};
/* End PBXFrameworksBuildPhase section */

/* Begin PBXGroup section */
		5F10D54A22CC9B310046964E = {
			isa = PBXGroup;
			children = (
				5F10D55522CC9B310046964E /* ZSXWCDB_Demo */,
				5F10D56E22CC9B340046964E /* ZSXWCDB_DemoTests */,
				5F10D57922CC9B340046964E /* ZSXWCDB_DemoUITests */,
				5F10D55422CC9B310046964E /* Products */,
			);
			sourceTree = "<group>";
		};
		5F10D55422CC9B310046964E /* Products */ = {
			isa = PBXGroup;
			children = (
				5F10D55322CC9B310046964E /* ZSXWCDB_Demo.app */,
				5F10D56B22CC9B340046964E /* ZSXWCDB_DemoTests.xctest */,
				5F10D57622CC9B340046964E /* ZSXWCDB_DemoUITests.xctest */,
			);
			name = Products;
			sourceTree = "<group>";
		};
		5F10D55522CC9B310046964E /* ZSXWCDB_Demo */ = {
			isa = PBXGroup;
			children = (
				5F10D55622CC9B310046964E /* AppDelegate.h */,
				5F10D55722CC9B310046964E /* AppDelegate.m */,
				5F10D55922CC9B310046964E /* ViewController.h */,
				5F10D55A22CC9B310046964E /* ViewController.m */,
				5F10D55C22CC9B310046964E /* Main.storyboard */,
				5F10D55F22CC9B340046964E /* Assets.xcassets */,
				5F10D56122CC9B340046964E /* LaunchScreen.storyboard */,
				5F10D56422CC9B340046964E /* Info.plist */,
				5F10D56522CC9B340046964E /* main.m */,
			);
			path = ZSXWCDB_Demo;
			sourceTree = "<group>";
		};
		5F10D56E22CC9B340046964E /* ZSXWCDB_DemoTests */ = {
			isa = PBXGroup;
			children = (
				5F10D56F22CC9B340046964E /* ZSXWCDB_DemoTests.m */,
				5F10D57122CC9B340046964E /* Info.plist */,
			);
			path = ZSXWCDB_DemoTests;
			sourceTree = "<group>";
		};
		5F10D57922CC9B340046964E /* ZSXWCDB_DemoUITests */ = {
			isa = PBXGroup;
			children = (
				5F10D57A22CC9B340046964E /* ZSXWCDB_DemoUITests.m */,
				5F10D57C22CC9B340046964E /* Info.plist */,
			);
			path = ZSXWCDB_DemoUITests;
			sourceTree = "<group>";
		};
/* End PBXGroup section */

/* Begin PBXNativeTarget section */
		5F10D55222CC9B310046964E /* ZSXWCDB_Demo */ = {
			isa = PBXNativeTarget;
			buildConfigurationList = 5F10D57F22CC9B340046964E /* Build configuration list for PBXNativeTarget "ZSXWCDB_Demo" */;
			buildPhases = (
				5F10D54F22CC9B310046964E /* Sources */,
				5F10D55022CC9B310046964E /* Frameworks */,
				5F10D55122CC9B310046964E /* Resources */,
			);
			buildRules = (
			);
			dependencies = (
			);
			name = ZSXWCDB_Demo;
			productName = ZSXWCDB_Demo;
			productReference = 5F10D55322CC9B310046964E /* ZSXWCDB_Demo.app */;
			productType = "com.apple.product-type.application";
		};
		5F10D56A22CC9B340046964E /* ZSXWCDB_DemoTests */ = {
			isa = PBXNativeTarget;
			buildConfigurationList = 5F10D58222CC9B340046964E /* Build configuration list for PBXNativeTarget "ZSXWCDB_DemoTests" */;
			buildPhases = (
				5F10D56722CC9B340046964E /* Sources */,
				5F10D56822CC9B340046964E /* Frameworks */,
				5F10D56922CC9B340046964E /* Resources */,
			);
			buildRules = (
			);
			dependencies = (
				5F10D56D22CC9B340046964E /* PBXTargetDependency */,
			);
			name = ZSXWCDB_DemoTests;
			productName = ZSXWCDB_DemoTests;
			productReference = 5F10D56B22CC9B340046964E /* ZSXWCDB_DemoTests.xctest */;
			productType = "com.apple.product-type.bundle.unit-test";
		};
		5F10D57522CC9B340046964E /* ZSXWCDB_DemoUITests */ = {
			isa = PBXNativeTarget;
			buildConfigurationList = 5F10D58522CC9B340046964E /* Build configuration list for PBXNativeTarget "ZSXWCDB_DemoUITests" */;
			buildPhases = (
				5F10D57222CC9B340046964E /* Sources */,
				5F10D57322CC9B340046964E /* Frameworks */,
				5F10D57422CC9B340046964E /* Resources */,
			);
			buildRules = (
			);
			dependencies = (
				5F10D57822CC9B340046964E /* PBXTargetDependency */,
			);
			name = ZSXWCDB_DemoUITests;
			productName = ZSXWCDB_DemoUITests;
			productReference = 5F10D57622CC9B340046964E /* ZSXWCDB_DemoUITests.xctest */;
			productType = "com.apple.product-type.bundle.ui-testing";
		};
/* End PBXNativeTarget section */

/* Begin PBXProject section */
		5F10D54B22CC9B310046964E /* Project object */ = {
			isa = PBXProject;
			attributes = {
				LastUpgradeCheck = 1020;
				ORGANIZATIONNAME = "郑胜昔";
				TargetAttributes = {
					5F10D55222CC9B310046964E = {
						CreatedOnToolsVersion = 10.2.1;
					};
					5F10D56A22CC9B340046964E = {
						CreatedOnToolsVersion = 10.2.1;
						TestTargetID = 5F10D55222CC9B310046964E;
					};
					5F10D57522CC9B340046964E = {
						CreatedOnToolsVersion = 10.2.1;
						TestTargetID = 5F10D55222CC9B310046964E;
					};
				};
			};
			buildConfigurationList = 5F10D54E22CC9B310046964E /* Build configuration list for PBXProject "ZSXWCDB_Demo" */;
			compatibilityVersion = "Xcode 9.3";
			developmentRegion = en;
			hasScannedForEncodings = 0;
			knownRegions = (
				en,
				Base,
			);
			mainGroup = 5F10D54A22CC9B310046964E;
			productRefGroup = 5F10D55422CC9B310046964E /* Products */;
			projectDirPath = "";
			projectRoot = "";
			targets = (
				5F10D55222CC9B310046964E /* ZSXWCDB_Demo */,
				5F10D56A22CC9B340046964E /* ZSXWCDB_DemoTests */,
				5F10D57522CC9B340046964E /* ZSXWCDB_DemoUITests */,
			);
		};
/* End PBXProject section */

/* Begin PBXResourcesBuildPhase section */
		5F10D55122CC9B310046964E /* Resources */ = {
			isa = PBXResourcesBuildPhase;
			buildActionMask = 2147483647;
			files = (
				5F10D56322CC9B340046964E /* LaunchScreen.storyboard in Resources */,
				5F10D56022CC9B340046964E /* Assets.xcassets in Resources */,
				5F10D55E22CC9B310046964E /* Main.storyboard in Resources */,
			);
			runOnlyForDeploymentPostprocessing = 0;
		};
		5F10D56922CC9B340046964E /* Resources */ = {
			isa = PBXResourcesBuildPhase;
			buildActionMask = 2147483647;
			files = (
			);
			runOnlyForDeploymentPostprocessing = 0;
		};
		5F10D57422CC9B340046964E /* Resources */ = {
			isa = PBXResourcesBuildPhase;
			buildActionMask = 2147483647;
			files = (
			);
			runOnlyForDeploymentPostprocessing = 0;
		};
/* End PBXResourcesBuildPhase section */

/* Begin PBXSourcesBuildPhase section */
		5F10D54F22CC9B310046964E /* Sources */ = {
			isa = PBXSourcesBuildPhase;
			buildActionMask = 2147483647;
			files = (
				5F10D55B22CC9B310046964E /* ViewController.m in Sources */,
				5F10D56622CC9B340046964E /* main.m in Sources */,
				5F10D55822CC9B310046964E /* AppDelegate.m in Sources */,
			);
			runOnlyForDeploymentPostprocessing = 0;
		};
		5F10D56722CC9B340046964E /* Sources */ = {
			isa = PBXSourcesBuildPhase;
			buildActionMask = 2147483647;
			files = (
				5F10D57022CC9B340046964E /* ZSXWCDB_DemoTests.m in Sources */,
			);
			runOnlyForDeploymentPostprocessing = 0;
		};
		5F10D57222CC9B340046964E /* Sources */ = {
			isa = PBXSourcesBuildPhase;
			buildActionMask = 2147483647;
			files = (
				5F10D57B22CC9B340046964E /* ZSXWCDB_DemoUITests.m in Sources */,
			);
			runOnlyForDeploymentPostprocessing = 0;
		};
/* End PBXSourcesBuildPhase section */

/* Begin PBXTargetDependency section */
		5F10D56D22CC9B340046964E /* PBXTargetDependency */ = {
			isa = PBXTargetDependency;
			target = 5F10D55222CC9B310046964E /* ZSXWCDB_Demo */;
			targetProxy = 5F10D56C22CC9B340046964E /* PBXContainerItemProxy */;
		};
		5F10D57822CC9B340046964E /* PBXTargetDependency */ = {
			isa = PBXTargetDependency;
			target = 5F10D55222CC9B310046964E /* ZSXWCDB_Demo */;
			targetProxy = 5F10D57722CC9B340046964E /* PBXContainerItemProxy */;
		};
/* End PBXTargetDependency section */

/* Begin PBXVariantGroup section */
		5F10D55C22CC9B310046964E /* Main.storyboard */ = {
			isa = PBXVariantGroup;
			children = (
				5F10D55D22CC9B310046964E /* Base */,
			);
			name = Main.storyboard;
			sourceTree = "<group>";
		};
		5F10D56122CC9B340046964E /* LaunchScreen.storyboard */ = {
			isa = PBXVariantGroup;
			children = (
				5F10D56222CC9B340046964E /* Base */,
			);
			name = LaunchScreen.storyboard;
			sourceTree = "<group>";
		};
/* End PBXVariantGroup section */

/* Begin XCBuildConfiguration section */
		5F10D57D22CC9B340046964E /* Debug */ = {
			isa = XCBuildConfiguration;
			buildSettings = {
				ALWAYS_SEARCH_USER_PATHS = NO;
				CLANG_ANALYZER_NONNULL = YES;
				CLANG_ANALYZER_NUMBER_OBJECT_CONVERSION = YES_AGGRESSIVE;
				CLANG_CXX_LANGUAGE_STANDARD = "gnu++14";
				CLANG_CXX_LIBRARY = "libc++";
				CLANG_ENABLE_MODULES = YES;
				CLANG_ENABLE_OBJC_ARC = YES;
				CLANG_ENABLE_OBJC_WEAK = YES;
				CLANG_WARN_BLOCK_CAPTURE_AUTORELEASING = YES;
				CLANG_WARN_BOOL_CONVERSION = YES;
				CLANG_WARN_COMMA = YES;
				CLANG_WARN_CONSTANT_CONVERSION = YES;
				CLANG_WARN_DEPRECATED_OBJC_IMPLEMENTATIONS = YES;
				CLANG_WARN_DIRECT_OBJC_ISA_USAGE = YES_ERROR;
				CLANG_WARN_DOCUMENTATION_COMMENTS = YES;
				CLANG_WARN_EMPTY_BODY = YES;
				CLANG_WARN_ENUM_CONVERSION = YES;
				CLANG_WARN_INFINITE_RECURSION = YES;
				CLANG_WARN_INT_CONVERSION = YES;
				CLANG_WARN_NON_LITERAL_NULL_CONVERSION = YES;
				CLANG_WARN_OBJC_IMPLICIT_RETAIN_SELF = YES;
				CLANG_WARN_OBJC_LITERAL_CONVERSION = YES;
				CLANG_WARN_OBJC_ROOT_CLASS = YES_ERROR;
				CLANG_WARN_RANGE_LOOP_ANALYSIS = YES;
				CLANG_WARN_STRICT_PROTOTYPES = YES;
				CLANG_WARN_SUSPICIOUS_MOVE = YES;
				CLANG_WARN_UNGUARDED_AVAILABILITY = YES_AGGRESSIVE;
				CLANG_WARN_UNREACHABLE_CODE = YES;
				CLANG_WARN__DUPLICATE_METHOD_MATCH = YES;
				CODE_SIGN_IDENTITY = "iPhone Developer";
				COPY_PHASE_STRIP = NO;
				DEBUG_INFORMATION_FORMAT = dwarf;
				ENABLE_STRICT_OBJC_MSGSEND = YES;
				ENABLE_TESTABILITY = YES;
				GCC_C_LANGUAGE_STANDARD = gnu11;
				GCC_DYNAMIC_NO_PIC = NO;
				GCC_NO_COMMON_BLOCKS = YES;
				GCC_OPTIMIZATION_LEVEL = 0;
				GCC_PREPROCESSOR_DEFINITIONS = (
					"DEBUG=1",
					"$(inherited)",
				);
				GCC_WARN_64_TO_32_BIT_CONVERSION = YES;
				GCC_WARN_ABOUT_RETURN_TYPE = YES_ERROR;
				GCC_WARN_UNDECLARED_SELECTOR = YES;
				GCC_WARN_UNINITIALIZED_AUTOS = YES_AGGRESSIVE;
				GCC_WARN_UNUSED_FUNCTION = YES;
				GCC_WARN_UNUSED_VARIABLE = YES;
				IPHONEOS_DEPLOYMENT_TARGET = 12.2;
				MTL_ENABLE_DEBUG_INFO = INCLUDE_SOURCE;
				MTL_FAST_MATH = YES;
				ONLY_ACTIVE_ARCH = YES;
				SDKROOT = iphoneos;
			};
			name = Debug;
		};
		5F10D57E22CC9B340046964E /* Release */ = {
			isa = XCBuildConfiguration;
			buildSettings = {
				ALWAYS_SEARCH_USER_PATHS = NO;
				CLANG_ANALYZER_NONNULL = YES;
				CLANG_ANALYZER_NUMBER_OBJECT_CONVERSION = YES_AGGRESSIVE;
				CLANG_CXX_LANGUAGE_STANDARD = "gnu++14";
				CLANG_CXX_LIBRARY = "libc++";
				CLANG_ENABLE_MODULES = YES;
				CLANG_ENABLE_OBJC_ARC = YES;
				CLANG_ENABLE_OBJC_WEAK = YES;
				CLANG_WARN_BLOCK_CAPTURE_AUTORELEASING = YES;
				CLANG_WARN_BOOL_CONVERSION = YES;
				CLANG_WARN_COMMA = YES;
				CLANG_WARN_CONSTANT_CONVERSION = YES;
				CLANG_WARN_DEPRECATED_OBJC_IMPLEMENTATIONS = YES;
				CLANG_WARN_DIRECT_OBJC_ISA_USAGE = YES_ERROR;
				CLANG_WARN_DOCUMENTATION_COMMENTS = YES;
				CLANG_WARN_EMPTY_BODY = YES;
				CLANG_WARN_ENUM_CONVERSION = YES;
				CLANG_WARN_INFINITE_RECURSION = YES;
				CLANG_WARN_INT_CONVERSION = YES;
				CLANG_WARN_NON_LITERAL_NULL_CONVERSION = YES;
				CLANG_WARN_OBJC_IMPLICIT_RETAIN_SELF = YES;
				CLANG_WARN_OBJC_LITERAL_CONVERSION = YES;
				CLANG_WARN_OBJC_ROOT_CLASS = YES_ERROR;
				CLANG_WARN_RANGE_LOOP_ANALYSIS = YES;
				CLANG_WARN_STRICT_PROTOTYPES = YES;
				CLANG_WARN_SUSPICIOUS_MOVE = YES;
				CLANG_WARN_UNGUARDED_AVAILABILITY = YES_AGGRESSIVE;
				CLANG_WARN_UNREACHABLE_CODE = YES;
				CLANG_WARN__DUPLICATE_METHOD_MATCH = YES;
				CODE_SIGN_IDENTITY = "iPhone Developer";
				COPY_PHASE_STRIP = NO;
				DEBUG_INFORMATION_FORMAT = "dwarf-with-dsym";
				ENABLE_NS_ASSERTIONS = NO;
				ENABLE_STRICT_OBJC_MSGSEND = YES;
				GCC_C_LANGUAGE_STANDARD = gnu11;
				GCC_NO_COMMON_BLOCKS = YES;
				GCC_WARN_64_TO_32_BIT_CONVERSION = YES;
				GCC_WARN_ABOUT_RETURN_TYPE = YES_ERROR;
				GCC_WARN_UNDECLARED_SELECTOR = YES;
				GCC_WARN_UNINITIALIZED_AUTOS = YES_AGGRESSIVE;
				GCC_WARN_UNUSED_FUNCTION = YES;
				GCC_WARN_UNUSED_VARIABLE = YES;
				IPHONEOS_DEPLOYMENT_TARGET = 12.2;
				MTL_ENABLE_DEBUG_INFO = NO;
				MTL_FAST_MATH = YES;
				SDKROOT = iphoneos;
				VALIDATE_PRODUCT = YES;
			};
			name = Release;
		};
		5F10D58022CC9B340046964E /* Debug */ = {
			isa = XCBuildConfiguration;
			buildSettings = {
				ASSETCATALOG_COMPILER_APPICON_NAME = AppIcon;
				CODE_SIGN_STYLE = Automatic;
				INFOPLIST_FILE = ZSXWCDB_Demo/Info.plist;
				LD_RUNPATH_SEARCH_PATHS = (
					"$(inherited)",
					"@executable_path/Frameworks",
				);
				PRODUCT_BUNDLE_IDENTIFIER = "com.zhengshengxi.ZSXWCDB-Demo";
				PRODUCT_NAME = "$(TARGET_NAME)";
				TARGETED_DEVICE_FAMILY = "1,2";
			};
			name = Debug;
		};
		5F10D58122CC9B340046964E /* Release */ = {
			isa = XCBuildConfiguration;
			buildSettings = {
				ASSETCATALOG_COMPILER_APPICON_NAME = AppIcon;
				CODE_SIGN_STYLE = Automatic;
				INFOPLIST_FILE = ZSXWCDB_Demo/Info.plist;
				LD_RUNPATH_SEARCH_PATHS = (
					"$(inherited)",
					"@executable_path/Frameworks",
				);
				PRODUCT_BUNDLE_IDENTIFIER = "com.zhengshengxi.ZSXWCDB-Demo";
				PRODUCT_NAME = "$(TARGET_NAME)";
				TARGETED_DEVICE_FAMILY = "1,2";
			};
			name = Release;
		};
		5F10D58322CC9B340046964E /* Debug */ = {
			isa = XCBuildConfiguration;
			buildSettings = {
				BUNDLE_LOADER = "$(TEST_HOST)";
				CODE_SIGN_STYLE = Automatic;
				INFOPLIST_FILE = ZSXWCDB_DemoTests/Info.plist;
				LD_RUNPATH_SEARCH_PATHS = (
					"$(inherited)",
					"@executable_path/Frameworks",
					"@loader_path/Frameworks",
				);
				PRODUCT_BUNDLE_IDENTIFIER = "com.zhengshengxi.ZSXWCDB-DemoTests";
				PRODUCT_NAME = "$(TARGET_NAME)";
				TARGETED_DEVICE_FAMILY = "1,2";
				TEST_HOST = "$(BUILT_PRODUCTS_DIR)/ZSXWCDB_Demo.app/ZSXWCDB_Demo";
			};
			name = Debug;
		};
		5F10D58422CC9B340046964E /* Release */ = {
			isa = XCBuildConfiguration;
			buildSettings = {
				BUNDLE_LOADER = "$(TEST_HOST)";
				CODE_SIGN_STYLE = Automatic;
				INFOPLIST_FILE = ZSXWCDB_DemoTests/Info.plist;
				LD_RUNPATH_SEARCH_PATHS = (
					"$(inherited)",
					"@executable_path/Frameworks",
					"@loader_path/Frameworks",
				);
				PRODUCT_BUNDLE_IDENTIFIER = "com.zhengshengxi.ZSXWCDB-DemoTests";
				PRODUCT_NAME = "$(TARGET_NAME)";
				TARGETED_DEVICE_FAMILY = "1,2";
				TEST_HOST = "$(BUILT_PRODUCTS_DIR)/ZSXWCDB_Demo.app/ZSXWCDB_Demo";
			};
			name = Release;
		};
		5F10D58622CC9B340046964E /* Debug */ = {
			isa = XCBuildConfiguration;
			buildSettings = {
				CODE_SIGN_STYLE = Automatic;
				INFOPLIST_FILE = ZSXWCDB_DemoUITests/Info.plist;
				LD_RUNPATH_SEARCH_PATHS = (
					"$(inherited)",
					"@executable_path/Frameworks",
					"@loader_path/Frameworks",
				);
				PRODUCT_BUNDLE_IDENTIFIER = "com.zhengshengxi.ZSXWCDB-DemoUITests";
				PRODUCT_NAME = "$(TARGET_NAME)";
				TARGETED_DEVICE_FAMILY = "1,2";
				TEST_TARGET_NAME = ZSXWCDB_Demo;
			};
			name = Debug;
		};
		5F10D58722CC9B340046964E /* Release */ = {
			isa = XCBuildConfiguration;
			buildSettings = {
				CODE_SIGN_STYLE = Automatic;
				INFOPLIST_FILE = ZSXWCDB_DemoUITests/Info.plist;
				LD_RUNPATH_SEARCH_PATHS = (
					"$(inherited)",
					"@executable_path/Frameworks",
					"@loader_path/Frameworks",
				);
				PRODUCT_BUNDLE_IDENTIFIER = "com.zhengshengxi.ZSXWCDB-DemoUITests";
				PRODUCT_NAME = "$(TARGET_NAME)";
				TARGETED_DEVICE_FAMILY = "1,2";
				TEST_TARGET_NAME = ZSXWCDB_Demo;
			};
			name = Release;
		};
/* End XCBuildConfiguration section */

/* Begin XCConfigurationList section */
		5F10D54E22CC9B310046964E /* Build configuration list for PBXProject "ZSXWCDB_Demo" */ = {
			isa = XCConfigurationList;
			buildConfigurations = (
				5F10D57D22CC9B340046964E /* Debug */,
				5F10D57E22CC9B340046964E /* Release */,
			);
			defaultConfigurationIsVisible = 0;
			defaultConfigurationName = Release;
		};
		5F10D57F22CC9B340046964E /* Build configuration list for PBXNativeTarget "ZSXWCDB_Demo" */ = {
			isa = XCConfigurationList;
			buildConfigurations = (
				5F10D58022CC9B340046964E /* Debug */,
				5F10D58122CC9B340046964E /* Release */,
			);
			defaultConfigurationIsVisible = 0;
			defaultConfigurationName = Release;
		};
		5F10D58222CC9B340046964E /* Build configuration list for PBXNativeTarget "ZSXWCDB_DemoTests" */ = {
			isa = XCConfigurationList;
			buildConfigurations = (
				5F10D58322CC9B340046964E /* Debug */,
				5F10D58422CC9B340046964E /* Release */,
			);
			defaultConfigurationIsVisible = 0;
			defaultConfigurationName = Release;
		};
		5F10D58522CC9B340046964E /* Build configuration list for PBXNativeTarget "ZSXWCDB_DemoUITests" */ = {
			isa = XCConfigurationList;
			buildConfigurations = (
				5F10D58622CC9B340046964E /* Debug */,
				5F10D58722CC9B340046964E /* Release */,
			);
			defaultConfigurationIsVisible = 0;
			defaultConfigurationName = Release;
		};
/* End XCConfigurationList section */
	};
	rootObject = 5F10D54B22CC9B310046964E /* Project object */;
}
